
Microsoft Visual Studio Solution File, Format Version 12.00
# Visual Studio 15
VisualStudioVersion = 15.0.28307.1145
MinimumVisualStudioVersion = 10.0.40219.1
Project("{FAE04EC0-301F-11D3-BF4B-00C04F79EFBC}") = "Conservice HR App", "Conservice HR App\Conservice HR App.csproj", "{333B3B85-1C7F-43A6-B274-B6F822991B88}"
EndProject
Global
	GlobalSection(SolutionConfigurationPlatforms) = preSolution
		Debug|Any CPU = Debug|Any CPU
		Release|Any CPU = Release|Any CPU
	EndGlobalSection
	GlobalSection(ProjectConfigurationPlatforms) = postSolution
		{333B3B85-1C7F-43A6-B274-B6F822991B88}.Debug|Any CPU.ActiveCfg = Debug|Any CPU
		{333B3B85-1C7F-43A6-B274-B6F822991B88}.Debug|Any CPU.Build.0 = Debug|Any CPU
		{333B3B85-1C7F-43A6-B274-B6F822991B88}.Release|Any CPU.ActiveCfg = Release|Any CPU
		{333B3B85-1C7F-43A6-B274-B6F822991B88}.Release|Any CPU.Build.0 = Release|Any CPU
	EndGlobalSection
	GlobalSection(SolutionProperties) = preSolution
		HideSolutionNode = FALSE
	EndGlobalSection
	GlobalSection(ExtensibilityGlobals) = postSolution
		SolutionGuid = {A4672650-639F-49AB-9DDD-86E772450AC2}
	EndGlobalSection
EndGlobal
